
Microsoft Visual Studio Solution File, Format Version 12.00
# Visual Studio Version 16
VisualStudioVersion = 16.0.33328.57
MinimumVisualStudioVersion = 10.0.40219.1
Project("{FAE04EC0-301F-11D3-BF4B-00C04F79EFBC}") = "ConsoleApp33", "ConsoleApp33\ConsoleApp33.csproj", "{81FE17E8-A938-4E7E-BCE5-62309A8965BE}"
EndProject
Global
	GlobalSection(SolutionConfigurationPlatforms) = preSolution
		Debug|Any CPU = Debug|Any CPU
		Release|Any CPU = Release|Any CPU
	EndGlobalSection
	GlobalSection(ProjectConfigurationPlatforms) = postSolution
		{81FE17E8-A938-4E7E-BCE5-62309A8965BE}.Debug|Any CPU.ActiveCfg = Debug|Any CPU
		{81FE17E8-A938-4E7E-BCE5-62309A8965BE}.Debug|Any CPU.Build.0 = Debug|Any CPU
		{81FE17E8-A938-4E7E-BCE5-62309A8965BE}.Release|Any CPU.ActiveCfg = Release|Any CPU
		{81FE17E8-A938-4E7E-BCE5-62309A8965BE}.Release|Any CPU.Build.0 = Release|Any CPU
	EndGlobalSection
	GlobalSection(SolutionProperties) = preSolution
		HideSolutionNode = FALSE
	EndGlobalSection
	GlobalSection(ExtensibilityGlobals) = postSolution
		SolutionGuid = {E63F70FF-2B6B-4A6C-ADD7-9F24576130E9}
	EndGlobalSection
EndGlobal
